
Microsoft Visual Studio Solution File, Format Version 12.00
# Visual Studio 2013
VisualStudioVersion = 12.0.21005.1
MinimumVisualStudioVersion = 10.0.40219.1
Project("{E24C65DC-7377-472B-9ABA-BC803B73C61A}") = "Web Parsing Web-Site", "http://localhost:1463", "{EF53F54A-3919-46E0-819A-37DDC5545776}"
	ProjectSection(WebsiteProperties) = preProject
		UseIISExpress = "true"
		TargetFrameworkMoniker = ".NETFramework,Version%3Dv4.5"
		Debug.AspNetCompiler.VirtualPath = "/localhost_1463"
		Debug.AspNetCompiler.PhysicalPath = "..\Web Parsing Web-Site\"
		Debug.AspNetCompiler.TargetPath = "PrecompiledWeb\localhost_1463\"
		Debug.AspNetCompiler.Updateable = "true"
		Debug.AspNetCompiler.ForceOverwrite = "true"
		Debug.AspNetCompiler.FixedNames = "false"
		Debug.AspNetCompiler.Debug = "True"
		Release.AspNetCompiler.VirtualPath = "/localhost_1463"
		Release.AspNetCompiler.PhysicalPath = "..\Web Parsing Web-Site\"
		Release.AspNetCompiler.TargetPath = "PrecompiledWeb\localhost_1463\"
		Release.AspNetCompiler.Updateable = "true"
		Release.AspNetCompiler.ForceOverwrite = "true"
		Release.AspNetCompiler.FixedNames = "false"
		Release.AspNetCompiler.Debug = "False"
		SlnRelativePath = "..\Web Parsing Web-Site\"
	EndProjectSection
EndProject
Global
	GlobalSection(SolutionConfigurationPlatforms) = preSolution
		Debug|Any CPU = Debug|Any CPU
	EndGlobalSection
	GlobalSection(ProjectConfigurationPlatforms) = postSolution
		{EF53F54A-3919-46E0-819A-37DDC5545776}.Debug|Any CPU.ActiveCfg = Debug|Any CPU
		{EF53F54A-3919-46E0-819A-37DDC5545776}.Debug|Any CPU.Build.0 = Debug|Any CPU
	EndGlobalSection
	GlobalSection(SolutionProperties) = preSolution
		HideSolutionNode = FALSE
	EndGlobalSection
EndGlobal
